// !$*UTF8*$!
{
	archiveVersion = 1;
	classes = {
	};
	objectVersion = 56;
	objects = {

/* Begin PBXBuildFile section */
		E201BF482AE7CBF5005F6ABD /* RaceItemView.swift in Sources */ = {isa = PBXBuildFile; fileRef = E201BF472AE7CBF5005F6ABD /* RaceItemView.swift */; };
		E201BF4C2AE7D9E1005F6ABD /* Colors.xcassets in Resources */ = {isa = PBXBuildFile; fileRef = E201BF4B2AE7D9E1005F6ABD /* Colors.xcassets */; };
		E27189552AE7FEEF003A275A /* RacesViewModel.swift in Sources */ = {isa = PBXBuildFile; fileRef = E27189542AE7FEEF003A275A /* RacesViewModel.swift */; };
		E2AE4BD02AE53EF400AF7A88 /* EntainSportApp.swift in Sources */ = {isa = PBXBuildFile; fileRef = E2AE4BCF2AE53EF400AF7A88 /* EntainSportApp.swift */; };
		E2AE4BD42AE53EF500AF7A88 /* Assets.xcassets in Resources */ = {isa = PBXBuildFile; fileRef = E2AE4BD32AE53EF500AF7A88 /* Assets.xcassets */; };
		E2AE4BD82AE53EF500AF7A88 /* Preview Assets.xcassets in Resources */ = {isa = PBXBuildFile; fileRef = E2AE4BD72AE53EF500AF7A88 /* Preview Assets.xcassets */; };
		E2AE4BE22AE53EF500AF7A88 /* EntainSportTests.swift in Sources */ = {isa = PBXBuildFile; fileRef = E2AE4BE12AE53EF500AF7A88 /* EntainSportTests.swift */; };
		E2AE4BEC2AE53EF500AF7A88 /* EntainSportUITests.swift in Sources */ = {isa = PBXBuildFile; fileRef = E2AE4BEB2AE53EF500AF7A88 /* EntainSportUITests.swift */; };
		E2AE4BEE2AE53EF500AF7A88 /* EntainSportUITestsLaunchTests.swift in Sources */ = {isa = PBXBuildFile; fileRef = E2AE4BED2AE53EF500AF7A88 /* EntainSportUITestsLaunchTests.swift */; };
		E2AE4BFC2AE5DD6400AF7A88 /* Repository.swift in Sources */ = {isa = PBXBuildFile; fileRef = E2AE4BFB2AE5DD6400AF7A88 /* Repository.swift */; };
		E2AE4BFE2AE5DD7A00AF7A88 /* APIRepository.swift in Sources */ = {isa = PBXBuildFile; fileRef = E2AE4BFD2AE5DD7A00AF7A88 /* APIRepository.swift */; };
		E2AE4C002AE5E11200AF7A88 /* EndPoint.swift in Sources */ = {isa = PBXBuildFile; fileRef = E2AE4BFF2AE5E11200AF7A88 /* EndPoint.swift */; };
		E2AE4C022AE5E12800AF7A88 /* RaceResponse.swift in Sources */ = {isa = PBXBuildFile; fileRef = E2AE4C012AE5E12800AF7A88 /* RaceResponse.swift */; };
		E2AE4C052AE616CA00AF7A88 /* RacesView.swift in Sources */ = {isa = PBXBuildFile; fileRef = E2AE4C042AE616CA00AF7A88 /* RacesView.swift */; };
		E2AE4C092AE618C100AF7A88 /* racing.json in Resources */ = {isa = PBXBuildFile; fileRef = E2AE4C082AE618C100AF7A88 /* racing.json */; };
		E2AE4C0B2AE6234400AF7A88 /* SharedConvenienceFunctions.swift in Sources */ = {isa = PBXBuildFile; fileRef = E2AE4C0A2AE6234400AF7A88 /* SharedConvenienceFunctions.swift */; };
		E2AE4C0D2AE69C2800AF7A88 /* SelectableButton.swift in Sources */ = {isa = PBXBuildFile; fileRef = E2AE4C0C2AE69C2800AF7A88 /* SelectableButton.swift */; };
/* End PBXBuildFile section */

/* Begin PBXContainerItemProxy section */
		E2AE4BDE2AE53EF500AF7A88 /* PBXContainerItemProxy */ = {
			isa = PBXContainerItemProxy;
			containerPortal = E2AE4BC42AE53EF400AF7A88 /* Project object */;
			proxyType = 1;
			remoteGlobalIDString = E2AE4BCB2AE53EF400AF7A88;
			remoteInfo = EntainSport;
		};
		E2AE4BE82AE53EF500AF7A88 /* PBXContainerItemProxy */ = {
			isa = PBXContainerItemProxy;
			containerPortal = E2AE4BC42AE53EF400AF7A88 /* Project object */;
			proxyType = 1;
			remoteGlobalIDString = E2AE4BCB2AE53EF400AF7A88;
			remoteInfo = EntainSport;
		};
/* End PBXContainerItemProxy section */

/* Begin PBXFileReference section */
		E201BF472AE7CBF5005F6ABD /* RaceItemView.swift */ = {isa = PBXFileReference; lastKnownFileType = sourcecode.swift; path = RaceItemView.swift; sourceTree = "<group>"; };
		E201BF4B2AE7D9E1005F6ABD /* Colors.xcassets */ = {isa = PBXFileReference; lastKnownFileType = folder.assetcatalog; path = Colors.xcassets; sourceTree = "<group>"; };
		E27189542AE7FEEF003A275A /* RacesViewModel.swift */ = {isa = PBXFileReference; lastKnownFileType = sourcecode.swift; path = RacesViewModel.swift; sourceTree = "<group>"; };
		E2AE4BCC2AE53EF400AF7A88 /* EntainSport.app */ = {isa = PBXFileReference; explicitFileType = wrapper.application; includeInIndex = 0; path = EntainSport.app; sourceTree = BUILT_PRODUCTS_DIR; };
		E2AE4BCF2AE53EF400AF7A88 /* EntainSportApp.swift */ = {isa = PBXFileReference; lastKnownFileType = sourcecode.swift; path = EntainSportApp.swift; sourceTree = "<group>"; };
		E2AE4BD32AE53EF500AF7A88 /* Assets.xcassets */ = {isa = PBXFileReference; lastKnownFileType = folder.assetcatalog; path = Assets.xcassets; sourceTree = "<group>"; };
		E2AE4BD52AE53EF500AF7A88 /* EntainSport.entitlements */ = {isa = PBXFileReference; lastKnownFileType = text.plist.entitlements; path = EntainSport.entitlements; sourceTree = "<group>"; };
		E2AE4BD72AE53EF500AF7A88 /* Preview Assets.xcassets */ = {isa = PBXFileReference; lastKnownFileType = folder.assetcatalog; path = "Preview Assets.xcassets"; sourceTree = "<group>"; };
		E2AE4BDD2AE53EF500AF7A88 /* EntainSportTests.xctest */ = {isa = PBXFileReference; explicitFileType = wrapper.cfbundle; includeInIndex = 0; path = EntainSportTests.xctest; sourceTree = BUILT_PRODUCTS_DIR; };
		E2AE4BE12AE53EF500AF7A88 /* EntainSportTests.swift */ = {isa = PBXFileReference; lastKnownFileType = sourcecode.swift; path = EntainSportTests.swift; sourceTree = "<group>"; };
		E2AE4BE72AE53EF500AF7A88 /* EntainSportUITests.xctest */ = {isa = PBXFileReference; explicitFileType = wrapper.cfbundle; includeInIndex = 0; path = EntainSportUITests.xctest; sourceTree = BUILT_PRODUCTS_DIR; };
		E2AE4BEB2AE53EF500AF7A88 /* EntainSportUITests.swift */ = {isa = PBXFileReference; lastKnownFileType = sourcecode.swift; path = EntainSportUITests.swift; sourceTree = "<group>"; };
		E2AE4BED2AE53EF500AF7A88 /* EntainSportUITestsLaunchTests.swift */ = {isa = PBXFileReference; lastKnownFileType = sourcecode.swift; path = EntainSportUITestsLaunchTests.swift; sourceTree = "<group>"; };
		E2AE4BFB2AE5DD6400AF7A88 /* Repository.swift */ = {isa = PBXFileReference; lastKnownFileType = sourcecode.swift; path = Repository.swift; sourceTree = "<group>"; };
		E2AE4BFD2AE5DD7A00AF7A88 /* APIRepository.swift */ = {isa = PBXFileReference; lastKnownFileType = sourcecode.swift; path = APIRepository.swift; sourceTree = "<group>"; };
		E2AE4BFF2AE5E11200AF7A88 /* EndPoint.swift */ = {isa = PBXFileReference; lastKnownFileType = sourcecode.swift; path = EndPoint.swift; sourceTree = "<group>"; };
		E2AE4C012AE5E12800AF7A88 /* RaceResponse.swift */ = {isa = PBXFileReference; lastKnownFileType = sourcecode.swift; path = RaceResponse.swift; sourceTree = "<group>"; };
		E2AE4C042AE616CA00AF7A88 /* RacesView.swift */ = {isa = PBXFileReference; lastKnownFileType = sourcecode.swift; path = RacesView.swift; sourceTree = "<group>"; };
		E2AE4C082AE618C100AF7A88 /* racing.json */ = {isa = PBXFileReference; lastKnownFileType = text.json; path = racing.json; sourceTree = "<group>"; };
		E2AE4C0A2AE6234400AF7A88 /* SharedConvenienceFunctions.swift */ = {isa = PBXFileReference; lastKnownFileType = sourcecode.swift; path = SharedConvenienceFunctions.swift; sourceTree = "<group>"; };
		E2AE4C0C2AE69C2800AF7A88 /* SelectableButton.swift */ = {isa = PBXFileReference; lastKnownFileType = sourcecode.swift; path = SelectableButton.swift; sourceTree = "<group>"; };
/* End PBXFileReference section */

/* Begin PBXFrameworksBuildPhase section */
		E2AE4BC92AE53EF400AF7A88 /* Frameworks */ = {
			isa = PBXFrameworksBuildPhase;
			buildActionMask = 2147483647;
			files = (
			);
			runOnlyForDeploymentPostprocessing = 0;
		};
		E2AE4BDA2AE53EF500AF7A88 /* Frameworks */ = {
			isa = PBXFrameworksBuildPhase;
			buildActionMask = 2147483647;
			files = (
			);
			runOnlyForDeploymentPostprocessing = 0;
		};
		E2AE4BE42AE53EF500AF7A88 /* Frameworks */ = {
			isa = PBXFrameworksBuildPhase;
			buildActionMask = 2147483647;
			files = (
			);
			runOnlyForDeploymentPostprocessing = 0;
		};
/* End PBXFrameworksBuildPhase section */

/* Begin PBXGroup section */
		E2AE4BC32AE53EF400AF7A88 = {
			isa = PBXGroup;
			children = (
				E2AE4BCE2AE53EF400AF7A88 /* EntainSport */,
				E2AE4BE02AE53EF500AF7A88 /* EntainSportTests */,
				E2AE4BEA2AE53EF500AF7A88 /* EntainSportUITests */,
				E2AE4BCD2AE53EF400AF7A88 /* Products */,
			);
			sourceTree = "<group>";
		};
		E2AE4BCD2AE53EF400AF7A88 /* Products */ = {
			isa = PBXGroup;
			children = (
				E2AE4BCC2AE53EF400AF7A88 /* EntainSport.app */,
				E2AE4BDD2AE53EF500AF7A88 /* EntainSportTests.xctest */,
				E2AE4BE72AE53EF500AF7A88 /* EntainSportUITests.xctest */,
			);
			name = Products;
			sourceTree = "<group>";
		};
		E2AE4BCE2AE53EF400AF7A88 /* EntainSport */ = {
			isa = PBXGroup;
			children = (
				E2AE4BCF2AE53EF400AF7A88 /* EntainSportApp.swift */,
				E2AE4C032AE616BB00AF7A88 /* UI */,
				E2AE4BFA2AE5DD3C00AF7A88 /* Data */,
				E2AE4BD32AE53EF500AF7A88 /* Assets.xcassets */,
				E201BF4B2AE7D9E1005F6ABD /* Colors.xcassets */,
				E2AE4BD52AE53EF500AF7A88 /* EntainSport.entitlements */,
				E2AE4BD62AE53EF500AF7A88 /* Preview Content */,
			);
			path = EntainSport;
			sourceTree = "<group>";
		};
		E2AE4BD62AE53EF500AF7A88 /* Preview Content */ = {
			isa = PBXGroup;
			children = (
				E2AE4BD72AE53EF500AF7A88 /* Preview Assets.xcassets */,
			);
			path = "Preview Content";
			sourceTree = "<group>";
		};
		E2AE4BE02AE53EF500AF7A88 /* EntainSportTests */ = {
			isa = PBXGroup;
			children = (
				E2AE4BE12AE53EF500AF7A88 /* EntainSportTests.swift */,
			);
			path = EntainSportTests;
			sourceTree = "<group>";
		};
		E2AE4BEA2AE53EF500AF7A88 /* EntainSportUITests */ = {
			isa = PBXGroup;
			children = (
				E2AE4BEB2AE53EF500AF7A88 /* EntainSportUITests.swift */,
				E2AE4BED2AE53EF500AF7A88 /* EntainSportUITestsLaunchTests.swift */,
			);
			path = EntainSportUITests;
			sourceTree = "<group>";
		};
		E2AE4BFA2AE5DD3C00AF7A88 /* Data */ = {
			isa = PBXGroup;
			children = (
				E2AE4BFF2AE5E11200AF7A88 /* EndPoint.swift */,
				E2AE4BFB2AE5DD6400AF7A88 /* Repository.swift */,
				E2AE4BFD2AE5DD7A00AF7A88 /* APIRepository.swift */,
				E2AE4C012AE5E12800AF7A88 /* RaceResponse.swift */,
				E2AE4C0A2AE6234400AF7A88 /* SharedConvenienceFunctions.swift */,
				E2AE4C082AE618C100AF7A88 /* racing.json */,
			);
			path = Data;
			sourceTree = "<group>";
		};
		E2AE4C032AE616BB00AF7A88 /* UI */ = {
			isa = PBXGroup;
			children = (
				E2AE4C042AE616CA00AF7A88 /* RacesView.swift */,
				E27189542AE7FEEF003A275A /* RacesViewModel.swift */,
				E2AE4C0C2AE69C2800AF7A88 /* SelectableButton.swift */,
				E201BF472AE7CBF5005F6ABD /* RaceItemView.swift */,
			);
			path = UI;
			sourceTree = "<group>";
		};
/* End PBXGroup section */

/* Begin PBXNativeTarget section */
		E2AE4BCB2AE53EF400AF7A88 /* EntainSport */ = {
			isa = PBXNativeTarget;
			buildConfigurationList = E2AE4BF12AE53EF500AF7A88 /* Build configuration list for PBXNativeTarget "EntainSport" */;
			buildPhases = (
				E2AE4BC82AE53EF400AF7A88 /* Sources */,
				E2AE4BC92AE53EF400AF7A88 /* Frameworks */,
				E2AE4BCA2AE53EF400AF7A88 /* Resources */,
			);
			buildRules = (
			);
			dependencies = (
			);
			name = EntainSport;
			productName = EntainSport;
			productReference = E2AE4BCC2AE53EF400AF7A88 /* EntainSport.app */;
			productType = "com.apple.product-type.application";
		};
		E2AE4BDC2AE53EF500AF7A88 /* EntainSportTests */ = {
			isa = PBXNativeTarget;
			buildConfigurationList = E2AE4BF42AE53EF500AF7A88 /* Build configuration list for PBXNativeTarget "EntainSportTests" */;
			buildPhases = (
				E2AE4BD92AE53EF500AF7A88 /* Sources */,
				E2AE4BDA2AE53EF500AF7A88 /* Frameworks */,
				E2AE4BDB2AE53EF500AF7A88 /* Resources */,
			);
			buildRules = (
			);
			dependencies = (
				E2AE4BDF2AE53EF500AF7A88 /* PBXTargetDependency */,
			);
			name = EntainSportTests;
			productName = EntainSportTests;
			productReference = E2AE4BDD2AE53EF500AF7A88 /* EntainSportTests.xctest */;
			productType = "com.apple.product-type.bundle.unit-test";
		};
		E2AE4BE62AE53EF500AF7A88 /* EntainSportUITests */ = {
			isa = PBXNativeTarget;
			buildConfigurationList = E2AE4BF72AE53EF500AF7A88 /* Build configuration list for PBXNativeTarget "EntainSportUITests" */;
			buildPhases = (
				E2AE4BE32AE53EF500AF7A88 /* Sources */,
				E2AE4BE42AE53EF500AF7A88 /* Frameworks */,
				E2AE4BE52AE53EF500AF7A88 /* Resources */,
			);
			buildRules = (
			);
			dependencies = (
				E2AE4BE92AE53EF500AF7A88 /* PBXTargetDependency */,
			);
			name = EntainSportUITests;
			productName = EntainSportUITests;
			productReference = E2AE4BE72AE53EF500AF7A88 /* EntainSportUITests.xctest */;
			productType = "com.apple.product-type.bundle.ui-testing";
		};
/* End PBXNativeTarget section */

/* Begin PBXProject section */
		E2AE4BC42AE53EF400AF7A88 /* Project object */ = {
			isa = PBXProject;
			attributes = {
				BuildIndependentTargetsInParallel = 1;
				LastSwiftUpdateCheck = 1500;
				LastUpgradeCheck = 1500;
				TargetAttributes = {
					E2AE4BCB2AE53EF400AF7A88 = {
						CreatedOnToolsVersion = 15.0;
					};
					E2AE4BDC2AE53EF500AF7A88 = {
						CreatedOnToolsVersion = 15.0;
						TestTargetID = E2AE4BCB2AE53EF400AF7A88;
					};
					E2AE4BE62AE53EF500AF7A88 = {
						CreatedOnToolsVersion = 15.0;
						TestTargetID = E2AE4BCB2AE53EF400AF7A88;
					};
				};
			};
			buildConfigurationList = E2AE4BC72AE53EF400AF7A88 /* Build configuration list for PBXProject "EntainSport" */;
			compatibilityVersion = "Xcode 14.0";
			developmentRegion = en;
			hasScannedForEncodings = 0;
			knownRegions = (
				en,
				Base,
			);
			mainGroup = E2AE4BC32AE53EF400AF7A88;
			productRefGroup = E2AE4BCD2AE53EF400AF7A88 /* Products */;
			projectDirPath = "";
			projectRoot = "";
			targets = (
				E2AE4BCB2AE53EF400AF7A88 /* EntainSport */,
				E2AE4BDC2AE53EF500AF7A88 /* EntainSportTests */,
				E2AE4BE62AE53EF500AF7A88 /* EntainSportUITests */,
			);
		};
/* End PBXProject section */

/* Begin PBXResourcesBuildPhase section */
		E2AE4BCA2AE53EF400AF7A88 /* Resources */ = {
			isa = PBXResourcesBuildPhase;
			buildActionMask = 2147483647;
			files = (
				E2AE4BD82AE53EF500AF7A88 /* Preview Assets.xcassets in Resources */,
				E201BF4C2AE7D9E1005F6ABD /* Colors.xcassets in Resources */,
				E2AE4BD42AE53EF500AF7A88 /* Assets.xcassets in Resources */,
				E2AE4C092AE618C100AF7A88 /* racing.json in Resources */,
			);
			runOnlyForDeploymentPostprocessing = 0;
		};
		E2AE4BDB2AE53EF500AF7A88 /* Resources */ = {
			isa = PBXResourcesBuildPhase;
			buildActionMask = 2147483647;
			files = (
			);
			runOnlyForDeploymentPostprocessing = 0;
		};
		E2AE4BE52AE53EF500AF7A88 /* Resources */ = {
			isa = PBXResourcesBuildPhase;
			buildActionMask = 2147483647;
			files = (
			);
			runOnlyForDeploymentPostprocessing = 0;
		};
/* End PBXResourcesBuildPhase section */

/* Begin PBXSourcesBuildPhase section */
		E2AE4BC82AE53EF400AF7A88 /* Sources */ = {
			isa = PBXSourcesBuildPhase;
			buildActionMask = 2147483647;
			files = (
				E2AE4C0B2AE6234400AF7A88 /* SharedConvenienceFunctions.swift in Sources */,
				E27189552AE7FEEF003A275A /* RacesViewModel.swift in Sources */,
				E201BF482AE7CBF5005F6ABD /* RaceItemView.swift in Sources */,
				E2AE4C0D2AE69C2800AF7A88 /* SelectableButton.swift in Sources */,
				E2AE4BFE2AE5DD7A00AF7A88 /* APIRepository.swift in Sources */,
				E2AE4C022AE5E12800AF7A88 /* RaceResponse.swift in Sources */,
				E2AE4C002AE5E11200AF7A88 /* EndPoint.swift in Sources */,
				E2AE4C052AE616CA00AF7A88 /* RacesView.swift in Sources */,
				E2AE4BD02AE53EF400AF7A88 /* EntainSportApp.swift in Sources */,
				E2AE4BFC2AE5DD6400AF7A88 /* Repository.swift in Sources */,
			);
			runOnlyForDeploymentPostprocessing = 0;
		};
		E2AE4BD92AE53EF500AF7A88 /* Sources */ = {
			isa = PBXSourcesBuildPhase;
			buildActionMask = 2147483647;
			files = (
				E2AE4BE22AE53EF500AF7A88 /* EntainSportTests.swift in Sources */,
			);
			runOnlyForDeploymentPostprocessing = 0;
		};
		E2AE4BE32AE53EF500AF7A88 /* Sources */ = {
			isa = PBXSourcesBuildPhase;
			buildActionMask = 2147483647;
			files = (
				E2AE4BEE2AE53EF500AF7A88 /* EntainSportUITestsLaunchTests.swift in Sources */,
				E2AE4BEC2AE53EF500AF7A88 /* EntainSportUITests.swift in Sources */,
			);
			runOnlyForDeploymentPostprocessing = 0;
		};
/* End PBXSourcesBuildPhase section */

/* Begin PBXTargetDependency section */
		E2AE4BDF2AE53EF500AF7A88 /* PBXTargetDependency */ = {
			isa = PBXTargetDependency;
			target = E2AE4BCB2AE53EF400AF7A88 /* EntainSport */;
			targetProxy = E2AE4BDE2AE53EF500AF7A88 /* PBXContainerItemProxy */;
		};
		E2AE4BE92AE53EF500AF7A88 /* PBXTargetDependency */ = {
			isa = PBXTargetDependency;
			target = E2AE4BCB2AE53EF400AF7A88 /* EntainSport */;
			targetProxy = E2AE4BE82AE53EF500AF7A88 /* PBXContainerItemProxy */;
		};
/* End PBXTargetDependency section */

/* Begin XCBuildConfiguration section */
		E2AE4BEF2AE53EF500AF7A88 /* Debug */ = {
			isa = XCBuildConfiguration;
			buildSettings = {
				ALWAYS_SEARCH_USER_PATHS = NO;
				ASSETCATALOG_COMPILER_GENERATE_SWIFT_ASSET_SYMBOL_EXTENSIONS = YES;
				CLANG_ANALYZER_NONNULL = YES;
				CLANG_ANALYZER_NUMBER_OBJECT_CONVERSION = YES_AGGRESSIVE;
				CLANG_CXX_LANGUAGE_STANDARD = "gnu++20";
				CLANG_ENABLE_MODULES = YES;
				CLANG_ENABLE_OBJC_ARC = YES;
				CLANG_ENABLE_OBJC_WEAK = YES;
				CLANG_WARN_BLOCK_CAPTURE_AUTORELEASING = YES;
				CLANG_WARN_BOOL_CONVERSION = YES;
				CLANG_WARN_COMMA = YES;
				CLANG_WARN_CONSTANT_CONVERSION = YES;
				CLANG_WARN_DEPRECATED_OBJC_IMPLEMENTATIONS = YES;
				CLANG_WARN_DIRECT_OBJC_ISA_USAGE = YES_ERROR;
				CLANG_WARN_DOCUMENTATION_COMMENTS = YES;
				CLANG_WARN_EMPTY_BODY = YES;
				CLANG_WARN_ENUM_CONVERSION = YES;
				CLANG_WARN_INFINITE_RECURSION = YES;
				CLANG_WARN_INT_CONVERSION = YES;
				CLANG_WARN_NON_LITERAL_NULL_CONVERSION = YES;
				CLANG_WARN_OBJC_IMPLICIT_RETAIN_SELF = YES;
				CLANG_WARN_OBJC_LITERAL_CONVERSION = YES;
				CLANG_WARN_OBJC_ROOT_CLASS = YES_ERROR;
				CLANG_WARN_QUOTED_INCLUDE_IN_FRAMEWORK_HEADER = YES;
				CLANG_WARN_RANGE_LOOP_ANALYSIS = YES;
				CLANG_WARN_STRICT_PROTOTYPES = YES;
				CLANG_WARN_SUSPICIOUS_MOVE = YES;
				CLANG_WARN_UNGUARDED_AVAILABILITY = YES_AGGRESSIVE;
				CLANG_WARN_UNREACHABLE_CODE = YES;
				CLANG_WARN__DUPLICATE_METHOD_MATCH = YES;
				COPY_PHASE_STRIP = NO;
				DEBUG_INFORMATION_FORMAT = dwarf;
				ENABLE_STRICT_OBJC_MSGSEND = YES;
				ENABLE_TESTABILITY = YES;
				ENABLE_USER_SCRIPT_SANDBOXING = YES;
				GCC_C_LANGUAGE_STANDARD = gnu17;
				GCC_DYNAMIC_NO_PIC = NO;
				GCC_NO_COMMON_BLOCKS = YES;
				GCC_OPTIMIZATION_LEVEL = 0;
				GCC_PREPROCESSOR_DEFINITIONS = (
					"DEBUG=1",
					"$(inherited)",
				);
				GCC_WARN_64_TO_32_BIT_CONVERSION = YES;
				GCC_WARN_ABOUT_RETURN_TYPE = YES_ERROR;
				GCC_WARN_UNDECLARED_SELECTOR = YES;
				GCC_WARN_UNINITIALIZED_AUTOS = YES_AGGRESSIVE;
				GCC_WARN_UNUSED_FUNCTION = YES;
				GCC_WARN_UNUSED_VARIABLE = YES;
				LOCALIZATION_PREFERS_STRING_CATALOGS = YES;
				MTL_ENABLE_DEBUG_INFO = INCLUDE_SOURCE;
				MTL_FAST_MATH = YES;
				ONLY_ACTIVE_ARCH = YES;
				SWIFT_ACTIVE_COMPILATION_CONDITIONS = "DEBUG $(inherited)";
				SWIFT_OPTIMIZATION_LEVEL = "-Onone";
			};
			name = Debug;
		};
		E2AE4BF02AE53EF500AF7A88 /* Release */ = {
			isa = XCBuildConfiguration;
			buildSettings = {
				ALWAYS_SEARCH_USER_PATHS = NO;
				ASSETCATALOG_COMPILER_GENERATE_SWIFT_ASSET_SYMBOL_EXTENSIONS = YES;
				CLANG_ANALYZER_NONNULL = YES;
				CLANG_ANALYZER_NUMBER_OBJECT_CONVERSION = YES_AGGRESSIVE;
				CLANG_CXX_LANGUAGE_STANDARD = "gnu++20";
				CLANG_ENABLE_MODULES = YES;
				CLANG_ENABLE_OBJC_ARC = YES;
				CLANG_ENABLE_OBJC_WEAK = YES;
				CLANG_WARN_BLOCK_CAPTURE_AUTORELEASING = YES;
				CLANG_WARN_BOOL_CONVERSION = YES;
				CLANG_WARN_COMMA = YES;
				CLANG_WARN_CONSTANT_CONVERSION = YES;
				CLANG_WARN_DEPRECATED_OBJC_IMPLEMENTATIONS = YES;
				CLANG_WARN_DIRECT_OBJC_ISA_USAGE = YES_ERROR;
				CLANG_WARN_DOCUMENTATION_COMMENTS = YES;
				CLANG_WARN_EMPTY_BODY = YES;
				CLANG_WARN_ENUM_CONVERSION = YES;
				CLANG_WARN_INFINITE_RECURSION = YES;
				CLANG_WARN_INT_CONVERSION = YES;
				CLANG_WARN_NON_LITERAL_NULL_CONVERSION = YES;
				CLANG_WARN_OBJC_IMPLICIT_RETAIN_SELF = YES;
				CLANG_WARN_OBJC_LITERAL_CONVERSION = YES;
				CLANG_WARN_OBJC_ROOT_CLASS = YES_ERROR;
				CLANG_WARN_QUOTED_INCLUDE_IN_FRAMEWORK_HEADER = YES;
				CLANG_WARN_RANGE_LOOP_ANALYSIS = YES;
				CLANG_WARN_STRICT_PROTOTYPES = YES;
				CLANG_WARN_SUSPICIOUS_MOVE = YES;
				CLANG_WARN_UNGUARDED_AVAILABILITY = YES_AGGRESSIVE;
				CLANG_WARN_UNREACHABLE_CODE = YES;
				CLANG_WARN__DUPLICATE_METHOD_MATCH = YES;
				COPY_PHASE_STRIP = NO;
				DEBUG_INFORMATION_FORMAT = "dwarf-with-dsym";
				ENABLE_NS_ASSERTIONS = NO;
				ENABLE_STRICT_OBJC_MSGSEND = YES;
				ENABLE_USER_SCRIPT_SANDBOXING = YES;
				GCC_C_LANGUAGE_STANDARD = gnu17;
				GCC_NO_COMMON_BLOCKS = YES;
				GCC_WARN_64_TO_32_BIT_CONVERSION = YES;
				GCC_WARN_ABOUT_RETURN_TYPE = YES_ERROR;
				GCC_WARN_UNDECLARED_SELECTOR = YES;
				GCC_WARN_UNINITIALIZED_AUTOS = YES_AGGRESSIVE;
				GCC_WARN_UNUSED_FUNCTION = YES;
				GCC_WARN_UNUSED_VARIABLE = YES;
				LOCALIZATION_PREFERS_STRING_CATALOGS = YES;
				MTL_ENABLE_DEBUG_INFO = NO;
				MTL_FAST_MATH = YES;
				SWIFT_COMPILATION_MODE = wholemodule;
			};
			name = Release;
		};
		E2AE4BF22AE53EF500AF7A88 /* Debug */ = {
			isa = XCBuildConfiguration;
			buildSettings = {
				ASSETCATALOG_COMPILER_APPICON_NAME = AppIcon;
				ASSETCATALOG_COMPILER_GLOBAL_ACCENT_COLOR_NAME = AccentColor;
				CODE_SIGN_ENTITLEMENTS = EntainSport/EntainSport.entitlements;
				CODE_SIGN_STYLE = Automatic;
				CURRENT_PROJECT_VERSION = 1;
				DEVELOPMENT_ASSET_PATHS = "\"EntainSport/Preview Content\"";
				DEVELOPMENT_TEAM = 5Q7X663MJ7;
				ENABLE_HARDENED_RUNTIME = YES;
				ENABLE_PREVIEWS = YES;
				GENERATE_INFOPLIST_FILE = YES;
				"INFOPLIST_KEY_UIApplicationSceneManifest_Generation[sdk=iphoneos*]" = YES;
				"INFOPLIST_KEY_UIApplicationSceneManifest_Generation[sdk=iphonesimulator*]" = YES;
				"INFOPLIST_KEY_UIApplicationSupportsIndirectInputEvents[sdk=iphoneos*]" = YES;
				"INFOPLIST_KEY_UIApplicationSupportsIndirectInputEvents[sdk=iphonesimulator*]" = YES;
				"INFOPLIST_KEY_UILaunchScreen_Generation[sdk=iphoneos*]" = YES;
				"INFOPLIST_KEY_UILaunchScreen_Generation[sdk=iphonesimulator*]" = YES;
				"INFOPLIST_KEY_UIStatusBarStyle[sdk=iphoneos*]" = UIStatusBarStyleDefault;
				"INFOPLIST_KEY_UIStatusBarStyle[sdk=iphonesimulator*]" = UIStatusBarStyleDefault;
				INFOPLIST_KEY_UISupportedInterfaceOrientations_iPad = "UIInterfaceOrientationPortrait UIInterfaceOrientationPortraitUpsideDown UIInterfaceOrientationLandscapeLeft UIInterfaceOrientationLandscapeRight";
				INFOPLIST_KEY_UISupportedInterfaceOrientations_iPhone = "UIInterfaceOrientationPortrait UIInterfaceOrientationLandscapeLeft UIInterfaceOrientationLandscapeRight";
				IPHONEOS_DEPLOYMENT_TARGET = 17.0;
				LD_RUNPATH_SEARCH_PATHS = "@executable_path/Frameworks";
				"LD_RUNPATH_SEARCH_PATHS[sdk=macosx*]" = "@executable_path/../Frameworks";
				MACOSX_DEPLOYMENT_TARGET = 13.6;
				MARKETING_VERSION = 1.0;
				PRODUCT_BUNDLE_IDENTIFIER = com.haile.EntainSport;
				PRODUCT_NAME = "$(TARGET_NAME)";
				SDKROOT = auto;
				SUPPORTED_PLATFORMS = "iphoneos iphonesimulator macosx";
				SWIFT_EMIT_LOC_STRINGS = YES;
				SWIFT_VERSION = 5.0;
				TARGETED_DEVICE_FAMILY = "1,2";
			};
			name = Debug;
		};
		E2AE4BF32AE53EF500AF7A88 /* Release */ = {
			isa = XCBuildConfiguration;
			buildSettings = {
				ASSETCATALOG_COMPILER_APPICON_NAME = AppIcon;
				ASSETCATALOG_COMPILER_GLOBAL_ACCENT_COLOR_NAME = AccentColor;
				CODE_SIGN_ENTITLEMENTS = EntainSport/EntainSport.entitlements;
				CODE_SIGN_STYLE = Automatic;
				CURRENT_PROJECT_VERSION = 1;
				DEVELOPMENT_ASSET_PATHS = "\"EntainSport/Preview Content\"";
				DEVELOPMENT_TEAM = 5Q7X663MJ7;
				ENABLE_HARDENED_RUNTIME = YES;
				ENABLE_PREVIEWS = YES;
				GENERATE_INFOPLIST_FILE = YES;
				"INFOPLIST_KEY_UIApplicationSceneManifest_Generation[sdk=iphoneos*]" = YES;
				"INFOPLIST_KEY_UIApplicationSceneManifest_Generation[sdk=iphonesimulator*]" = YES;
				"INFOPLIST_KEY_UIApplicationSupportsIndirectInputEvents[sdk=iphoneos*]" = YES;
				"INFOPLIST_KEY_UIApplicationSupportsIndirectInputEvents[sdk=iphonesimulator*]" = YES;
				"INFOPLIST_KEY_UILaunchScreen_Generation[sdk=iphoneos*]" = YES;
				"INFOPLIST_KEY_UILaunchScreen_Generation[sdk=iphonesimulator*]" = YES;
				"INFOPLIST_KEY_UIStatusBarStyle[sdk=iphoneos*]" = UIStatusBarStyleDefault;
				"INFOPLIST_KEY_UIStatusBarStyle[sdk=iphonesimulator*]" = UIStatusBarStyleDefault;
				INFOPLIST_KEY_UISupportedInterfaceOrientations_iPad = "UIInterfaceOrientationPortrait UIInterfaceOrientationPortraitUpsideDown UIInterfaceOrientationLandscapeLeft UIInterfaceOrientationLandscapeRight";
				INFOPLIST_KEY_UISupportedInterfaceOrientations_iPhone = "UIInterfaceOrientationPortrait UIInterfaceOrientationLandscapeLeft UIInterfaceOrientationLandscapeRight";
				IPHONEOS_DEPLOYMENT_TARGET = 17.0;
				LD_RUNPATH_SEARCH_PATHS = "@executable_path/Frameworks";
				"LD_RUNPATH_SEARCH_PATHS[sdk=macosx*]" = "@executable_path/../Frameworks";
				MACOSX_DEPLOYMENT_TARGET = 13.6;
				MARKETING_VERSION = 1.0;
				PRODUCT_BUNDLE_IDENTIFIER = com.haile.EntainSport;
				PRODUCT_NAME = "$(TARGET_NAME)";
				SDKROOT = auto;
				SUPPORTED_PLATFORMS = "iphoneos iphonesimulator macosx";
				SWIFT_EMIT_LOC_STRINGS = YES;
				SWIFT_VERSION = 5.0;
				TARGETED_DEVICE_FAMILY = "1,2";
			};
			name = Release;
		};
		E2AE4BF52AE53EF500AF7A88 /* Debug */ = {
			isa = XCBuildConfiguration;
			buildSettings = {
				ALWAYS_EMBED_SWIFT_STANDARD_LIBRARIES = YES;
				BUNDLE_LOADER = "$(TEST_HOST)";
				CODE_SIGN_STYLE = Automatic;
				CURRENT_PROJECT_VERSION = 1;
				DEVELOPMENT_TEAM = 5Q7X663MJ7;
				GENERATE_INFOPLIST_FILE = YES;
				IPHONEOS_DEPLOYMENT_TARGET = 17.0;
				MACOSX_DEPLOYMENT_TARGET = 13.6;
				MARKETING_VERSION = 1.0;
				PRODUCT_BUNDLE_IDENTIFIER = com.haile.EntainSportTests;
				PRODUCT_NAME = "$(TARGET_NAME)";
				SDKROOT = auto;
				SUPPORTED_PLATFORMS = "iphoneos iphonesimulator macosx";
				SWIFT_EMIT_LOC_STRINGS = NO;
				SWIFT_VERSION = 5.0;
				TARGETED_DEVICE_FAMILY = "1,2";
				TEST_HOST = "$(BUILT_PRODUCTS_DIR)/EntainSport.app/$(BUNDLE_EXECUTABLE_FOLDER_PATH)/EntainSport";
			};
			name = Debug;
		};
		E2AE4BF62AE53EF500AF7A88 /* Release */ = {
			isa = XCBuildConfiguration;
			buildSettings = {
				ALWAYS_EMBED_SWIFT_STANDARD_LIBRARIES = YES;
				BUNDLE_LOADER = "$(TEST_HOST)";
				CODE_SIGN_STYLE = Automatic;
				CURRENT_PROJECT_VERSION = 1;
				DEVELOPMENT_TEAM = 5Q7X663MJ7;
				GENERATE_INFOPLIST_FILE = YES;
				IPHONEOS_DEPLOYMENT_TARGET = 17.0;
				MACOSX_DEPLOYMENT_TARGET = 13.6;
				MARKETING_VERSION = 1.0;
				PRODUCT_BUNDLE_IDENTIFIER = com.haile.EntainSportTests;
				PRODUCT_NAME = "$(TARGET_NAME)";
				SDKROOT = auto;
				SUPPORTED_PLATFORMS = "iphoneos iphonesimulator macosx";
				SWIFT_EMIT_LOC_STRINGS = NO;
				SWIFT_VERSION = 5.0;
				TARGETED_DEVICE_FAMILY = "1,2";
				TEST_HOST = "$(BUILT_PRODUCTS_DIR)/EntainSport.app/$(BUNDLE_EXECUTABLE_FOLDER_PATH)/EntainSport";
			};
			name = Release;
		};
		E2AE4BF82AE53EF500AF7A88 /* Debug */ = {
			isa = XCBuildConfiguration;
			buildSettings = {
				ALWAYS_EMBED_SWIFT_STANDARD_LIBRARIES = YES;
				CODE_SIGN_STYLE = Automatic;
				CURRENT_PROJECT_VERSION = 1;
				DEVELOPMENT_TEAM = 5Q7X663MJ7;
				GENERATE_INFOPLIST_FILE = YES;
				IPHONEOS_DEPLOYMENT_TARGET = 17.0;
				MACOSX_DEPLOYMENT_TARGET = 13.6;
				MARKETING_VERSION = 1.0;
				PRODUCT_BUNDLE_IDENTIFIER = com.haile.EntainSportUITests;
				PRODUCT_NAME = "$(TARGET_NAME)";
				SDKROOT = auto;
				SUPPORTED_PLATFORMS = "iphoneos iphonesimulator macosx";
				SWIFT_EMIT_LOC_STRINGS = NO;
				SWIFT_VERSION = 5.0;
				TARGETED_DEVICE_FAMILY = "1,2";
				TEST_TARGET_NAME = EntainSport;
			};
			name = Debug;
		};
		E2AE4BF92AE53EF500AF7A88 /* Release */ = {
			isa = XCBuildConfiguration;
			buildSettings = {
				ALWAYS_EMBED_SWIFT_STANDARD_LIBRARIES = YES;
				CODE_SIGN_STYLE = Automatic;
				CURRENT_PROJECT_VERSION = 1;
				DEVELOPMENT_TEAM = 5Q7X663MJ7;
				GENERATE_INFOPLIST_FILE = YES;
				IPHONEOS_DEPLOYMENT_TARGET = 17.0;
				MACOSX_DEPLOYMENT_TARGET = 13.6;
				MARKETING_VERSION = 1.0;
				PRODUCT_BUNDLE_IDENTIFIER = com.haile.EntainSportUITests;
				PRODUCT_NAME = "$(TARGET_NAME)";
				SDKROOT = auto;
				SUPPORTED_PLATFORMS = "iphoneos iphonesimulator macosx";
				SWIFT_EMIT_LOC_STRINGS = NO;
				SWIFT_VERSION = 5.0;
				TARGETED_DEVICE_FAMILY = "1,2";
				TEST_TARGET_NAME = EntainSport;
			};
			name = Release;
		};
/* End XCBuildConfiguration section */

/* Begin XCConfigurationList section */
		E2AE4BC72AE53EF400AF7A88 /* Build configuration list for PBXProject "EntainSport" */ = {
			isa = XCConfigurationList;
			buildConfigurations = (
				E2AE4BEF2AE53EF500AF7A88 /* Debug */,
				E2AE4BF02AE53EF500AF7A88 /* Release */,
			);
			defaultConfigurationIsVisible = 0;
			defaultConfigurationName = Release;
		};
		E2AE4BF12AE53EF500AF7A88 /* Build configuration list for PBXNativeTarget "EntainSport" */ = {
			isa = XCConfigurationList;
			buildConfigurations = (
				E2AE4BF22AE53EF500AF7A88 /* Debug */,
				E2AE4BF32AE53EF500AF7A88 /* Release */,
			);
			defaultConfigurationIsVisible = 0;
			defaultConfigurationName = Release;
		};
		E2AE4BF42AE53EF500AF7A88 /* Build configuration list for PBXNativeTarget "EntainSportTests" */ = {
			isa = XCConfigurationList;
			buildConfigurations = (
				E2AE4BF52AE53EF500AF7A88 /* Debug */,
				E2AE4BF62AE53EF500AF7A88 /* Release */,
			);
			defaultConfigurationIsVisible = 0;
			defaultConfigurationName = Release;
		};
		E2AE4BF72AE53EF500AF7A88 /* Build configuration list for PBXNativeTarget "EntainSportUITests" */ = {
			isa = XCConfigurationList;
			buildConfigurations = (
				E2AE4BF82AE53EF500AF7A88 /* Debug */,
				E2AE4BF92AE53EF500AF7A88 /* Release */,
			);
			defaultConfigurationIsVisible = 0;
			defaultConfigurationName = Release;
		};
/* End XCConfigurationList section */
	};
	rootObject = E2AE4BC42AE53EF400AF7A88 /* Project object */;
}
